// !$*UTF8*$!
{
	archiveVersion = 1;
	classes = {
	};
	objectVersion = 46;
	objects = {

/* Begin PBXBuildFile section */
		0DB7FE8FB608DB79AE233A09 /* libPods-TableViewCategory.a in Frameworks */ = {isa = PBXBuildFile; fileRef = 967835578116D897DCDD5D6A /* libPods-TableViewCategory.a */; };
		B58590F4F72AE22E9D742082 /* libPods-TableViewCategoryUITests.a in Frameworks */ = {isa = PBXBuildFile; fileRef = 46621B0D9790C46DC5B74AB7 /* libPods-TableViewCategoryUITests.a */; };
		BC4B39780C96F8A9EEA30869 /* libPods-TableViewCategoryTests.a in Frameworks */ = {isa = PBXBuildFile; fileRef = 0CDE1D86D9DCFF64300AB372 /* libPods-TableViewCategoryTests.a */; };
		F0142A7D1E08CDB300273052 /* headplaceholder.png in Resources */ = {isa = PBXBuildFile; fileRef = F0142A7B1E08CDB300273052 /* headplaceholder.png */; };
		F0142A7E1E08CDB300273052 /* no_goods_pic.png in Resources */ = {isa = PBXBuildFile; fileRef = F0142A7C1E08CDB300273052 /* no_goods_pic.png */; };
		F0142A801E08CE2000273052 /* error.png in Resources */ = {isa = PBXBuildFile; fileRef = F0142A7F1E08CE2000273052 /* error.png */; };
		F0142A821E08D16700273052 /* Default-568h@2x.png in Resources */ = {isa = PBXBuildFile; fileRef = F0142A811E08D16700273052 /* Default-568h@2x.png */; };
		F0142A8A1E08FC3000273052 /* CustomTableView+PlaceHolderView.m in Sources */ = {isa = PBXBuildFile; fileRef = F0142A891E08FC3000273052 /* CustomTableView+PlaceHolderView.m */; };
		F06E53001E0841FC00CEFCB3 /* Main.storyboard in Resources */ = {isa = PBXBuildFile; fileRef = F06E53021E0841FC00CEFCB3 /* Main.storyboard */; };
		F06E530A1E0842F700CEFCB3 /* LaunchScreen.storyboard in Resources */ = {isa = PBXBuildFile; fileRef = F06E530C1E0842F700CEFCB3 /* LaunchScreen.storyboard */; };
		F0DF9F291E07A76A00CFBF55 /* main.m in Sources */ = {isa = PBXBuildFile; fileRef = F0DF9F281E07A76A00CFBF55 /* main.m */; };
		F0DF9F2C1E07A76A00CFBF55 /* AppDelegate.m in Sources */ = {isa = PBXBuildFile; fileRef = F0DF9F2B1E07A76A00CFBF55 /* AppDelegate.m */; };
		F0DF9F2F1E07A76A00CFBF55 /* ViewController.m in Sources */ = {isa = PBXBuildFile; fileRef = F0DF9F2E1E07A76A00CFBF55 /* ViewController.m */; };
		F0DF9F341E07A76A00CFBF55 /* Assets.xcassets in Resources */ = {isa = PBXBuildFile; fileRef = F0DF9F331E07A76A00CFBF55 /* Assets.xcassets */; };
		F0DF9F421E07A76A00CFBF55 /* TableViewCategoryTests.m in Sources */ = {isa = PBXBuildFile; fileRef = F0DF9F411E07A76A00CFBF55 /* TableViewCategoryTests.m */; };
		F0DF9F4D1E07A76A00CFBF55 /* TableViewCategoryUITests.m in Sources */ = {isa = PBXBuildFile; fileRef = F0DF9F4C1E07A76A00CFBF55 /* TableViewCategoryUITests.m */; };
		F0DF9F601E07A87000CFBF55 /* CustomPlaceHolderView.m in Sources */ = {isa = PBXBuildFile; fileRef = F0DF9F5F1E07A87000CFBF55 /* CustomPlaceHolderView.m */; };
		F0DF9F651E07B10B00CFBF55 /* InfoPlist.strings in Resources */ = {isa = PBXBuildFile; fileRef = F0DF9F671E07B10B00CFBF55 /* InfoPlist.strings */; };
		F0DF9F6B1E07B1DC00CFBF55 /* Localizable.strings in Resources */ = {isa = PBXBuildFile; fileRef = F0DF9F6D1E07B1DC00CFBF55 /* Localizable.strings */; };
		F0DF9F711E07B47500CFBF55 /* CustomTableView.m in Sources */ = {isa = PBXBuildFile; fileRef = F0DF9F701E07B47500CFBF55 /* CustomTableView.m */; };
		F0DF9F7F1E07C62600CFBF55 /* SystemConfiguration.framework in Frameworks */ = {isa = PBXBuildFile; fileRef = F0DF9F7E1E07C62600CFBF55 /* SystemConfiguration.framework */; };
		F0DF9F831E07C65A00CFBF55 /* ConnectManager.m in Sources */ = {isa = PBXBuildFile; fileRef = F0DF9F821E07C65A00CFBF55 /* ConnectManager.m */; };
/* End PBXBuildFile section */

/* Begin PBXContainerItemProxy section */
		F0DF9F3E1E07A76A00CFBF55 /* PBXContainerItemProxy */ = {
			isa = PBXContainerItemProxy;
			containerPortal = F0DF9F1C1E07A76A00CFBF55 /* Project object */;
			proxyType = 1;
			remoteGlobalIDString = F0DF9F231E07A76A00CFBF55;
			remoteInfo = TableViewCategory;
		};
		F0DF9F491E07A76A00CFBF55 /* PBXContainerItemProxy */ = {
			isa = PBXContainerItemProxy;
			containerPortal = F0DF9F1C1E07A76A00CFBF55 /* Project object */;
			proxyType = 1;
			remoteGlobalIDString = F0DF9F231E07A76A00CFBF55;
			remoteInfo = TableViewCategory;
		};
/* End PBXContainerItemProxy section */

/* Begin PBXFileReference section */
		0CDE1D86D9DCFF64300AB372 /* libPods-TableViewCategoryTests.a */ = {isa = PBXFileReference; explicitFileType = archive.ar; includeInIndex = 0; path = "libPods-TableViewCategoryTests.a"; sourceTree = BUILT_PRODUCTS_DIR; };
		13CFA1B1C81A06C504595E51 /* Pods-TableViewCategoryTests.debug.xcconfig */ = {isa = PBXFileReference; includeInIndex = 1; lastKnownFileType = text.xcconfig; name = "Pods-TableViewCategoryTests.debug.xcconfig"; path = "Pods/Target Support Files/Pods-TableViewCategoryTests/Pods-TableViewCategoryTests.debug.xcconfig"; sourceTree = "<group>"; };
		43F4BCDE9A524EA23B1E215F /* Pods-TableViewCategoryTests.release.xcconfig */ = {isa = PBXFileReference; includeInIndex = 1; lastKnownFileType = text.xcconfig; name = "Pods-TableViewCategoryTests.release.xcconfig"; path = "Pods/Target Support Files/Pods-TableViewCategoryTests/Pods-TableViewCategoryTests.release.xcconfig"; sourceTree = "<group>"; };
		46621B0D9790C46DC5B74AB7 /* libPods-TableViewCategoryUITests.a */ = {isa = PBXFileReference; explicitFileType = archive.ar; includeInIndex = 0; path = "libPods-TableViewCategoryUITests.a"; sourceTree = BUILT_PRODUCTS_DIR; };
		71A690FF82F6B9E33E735AAA /* Pods-TableViewCategory.debug.xcconfig */ = {isa = PBXFileReference; includeInIndex = 1; lastKnownFileType = text.xcconfig; name = "Pods-TableViewCategory.debug.xcconfig"; path = "Pods/Target Support Files/Pods-TableViewCategory/Pods-TableViewCategory.debug.xcconfig"; sourceTree = "<group>"; };
		73EF7259B986C3E8E0045D0A /* Pods-TableViewCategoryUITests.release.xcconfig */ = {isa = PBXFileReference; includeInIndex = 1; lastKnownFileType = text.xcconfig; name = "Pods-TableViewCategoryUITests.release.xcconfig"; path = "Pods/Target Support Files/Pods-TableViewCategoryUITests/Pods-TableViewCategoryUITests.release.xcconfig"; sourceTree = "<group>"; };
		967835578116D897DCDD5D6A /* libPods-TableViewCategory.a */ = {isa = PBXFileReference; explicitFileType = archive.ar; includeInIndex = 0; path = "libPods-TableViewCategory.a"; sourceTree = BUILT_PRODUCTS_DIR; };
		C0BE34144D040C00D51E2D01 /* Pods-TableViewCategory.release.xcconfig */ = {isa = PBXFileReference; includeInIndex = 1; lastKnownFileType = text.xcconfig; name = "Pods-TableViewCategory.release.xcconfig"; path = "Pods/Target Support Files/Pods-TableViewCategory/Pods-TableViewCategory.release.xcconfig"; sourceTree = "<group>"; };
		F0142A7B1E08CDB300273052 /* headplaceholder.png */ = {isa = PBXFileReference; lastKnownFileType = image.png; path = headplaceholder.png; sourceTree = "<group>"; };
		F0142A7C1E08CDB300273052 /* no_goods_pic.png */ = {isa = PBXFileReference; lastKnownFileType = image.png; path = no_goods_pic.png; sourceTree = "<group>"; };
		F0142A7F1E08CE2000273052 /* error.png */ = {isa = PBXFileReference; lastKnownFileType = image.png; path = error.png; sourceTree = "<group>"; };
		F0142A811E08D16700273052 /* Default-568h@2x.png */ = {isa = PBXFileReference; lastKnownFileType = image.png; path = "Default-568h@2x.png"; sourceTree = "<group>"; };
		F0142A851E08D44E00273052 /* zh-Hans */ = {isa = PBXFileReference; lastKnownFileType = file.storyboard; name = "zh-Hans"; path = "zh-Hans.lproj/LaunchScreen.storyboard"; sourceTree = "<group>"; };
		F0142A861E08D57200273052 /* en */ = {isa = PBXFileReference; lastKnownFileType = file.storyboard; name = en; path = en.lproj/LaunchScreen.storyboard; sourceTree = "<group>"; };
		F0142A871E08D59500273052 /* Base */ = {isa = PBXFileReference; lastKnownFileType = file.storyboard; name = Base; path = Base.lproj/LaunchScreen.storyboard; sourceTree = "<group>"; };
		F0142A881E08FC3000273052 /* CustomTableView+PlaceHolderView.h */ = {isa = PBXFileReference; fileEncoding = 4; lastKnownFileType = sourcecode.c.h; path = "CustomTableView+PlaceHolderView.h"; sourceTree = "<group>"; };
		F0142A891E08FC3000273052 /* CustomTableView+PlaceHolderView.m */ = {isa = PBXFileReference; fileEncoding = 4; lastKnownFileType = sourcecode.c.objc; path = "CustomTableView+PlaceHolderView.m"; sourceTree = "<group>"; };
		F06E53051E08420C00CEFCB3 /* en */ = {isa = PBXFileReference; lastKnownFileType = file.storyboard; name = en; path = en.lproj/Main.storyboard; sourceTree = "<group>"; };
		F06E53151E08432C00CEFCB3 /* zh-Hans */ = {isa = PBXFileReference; lastKnownFileType = text.plist.strings; name = "zh-Hans"; path = "zh-Hans.lproj/Main.strings"; sourceTree = "<group>"; };
		F06E53161E08514B00CEFCB3 /* Base */ = {isa = PBXFileReference; lastKnownFileType = file.storyboard; name = Base; path = Base.lproj/Main.storyboard; sourceTree = "<group>"; };
		F0DF9F241E07A76A00CFBF55 /* TableViewCategory.app */ = {isa = PBXFileReference; explicitFileType = wrapper.application; includeInIndex = 0; path = TableViewCategory.app; sourceTree = BUILT_PRODUCTS_DIR; };
		F0DF9F281E07A76A00CFBF55 /* main.m */ = {isa = PBXFileReference; lastKnownFileType = sourcecode.c.objc; path = main.m; sourceTree = "<group>"; };
		F0DF9F2A1E07A76A00CFBF55 /* AppDelegate.h */ = {isa = PBXFileReference; lastKnownFileType = sourcecode.c.h; path = AppDelegate.h; sourceTree = "<group>"; };
		F0DF9F2B1E07A76A00CFBF55 /* AppDelegate.m */ = {isa = PBXFileReference; lastKnownFileType = sourcecode.c.objc; path = AppDelegate.m; sourceTree = "<group>"; };
		F0DF9F2D1E07A76A00CFBF55 /* ViewController.h */ = {isa = PBXFileReference; lastKnownFileType = sourcecode.c.h; path = ViewController.h; sourceTree = "<group>"; };
		F0DF9F2E1E07A76A00CFBF55 /* ViewController.m */ = {isa = PBXFileReference; lastKnownFileType = sourcecode.c.objc; path = ViewController.m; sourceTree = "<group>"; };
		F0DF9F331E07A76A00CFBF55 /* Assets.xcassets */ = {isa = PBXFileReference; lastKnownFileType = folder.assetcatalog; path = Assets.xcassets; sourceTree = "<group>"; };
		F0DF9F381E07A76A00CFBF55 /* Info.plist */ = {isa = PBXFileReference; lastKnownFileType = text.plist.xml; path = Info.plist; sourceTree = "<group>"; };
		F0DF9F3D1E07A76A00CFBF55 /* TableViewCategoryTests.xctest */ = {isa = PBXFileReference; explicitFileType = wrapper.cfbundle; includeInIndex = 0; path = TableViewCategoryTests.xctest; sourceTree = BUILT_PRODUCTS_DIR; };
		F0DF9F411E07A76A00CFBF55 /* TableViewCategoryTests.m */ = {isa = PBXFileReference; lastKnownFileType = sourcecode.c.objc; path = TableViewCategoryTests.m; sourceTree = "<group>"; };
		F0DF9F431E07A76A00CFBF55 /* Info.plist */ = {isa = PBXFileReference; lastKnownFileType = text.plist.xml; path = Info.plist; sourceTree = "<group>"; };
		F0DF9F481E07A76A00CFBF55 /* TableViewCategoryUITests.xctest */ = {isa = PBXFileReference; explicitFileType = wrapper.cfbundle; includeInIndex = 0; path = TableViewCategoryUITests.xctest; sourceTree = BUILT_PRODUCTS_DIR; };
		F0DF9F4C1E07A76A00CFBF55 /* TableViewCategoryUITests.m */ = {isa = PBXFileReference; lastKnownFileType = sourcecode.c.objc; path = TableViewCategoryUITests.m; sourceTree = "<group>"; };
		F0DF9F4E1E07A76A00CFBF55 /* Info.plist */ = {isa = PBXFileReference; lastKnownFileType = text.plist.xml; path = Info.plist; sourceTree = "<group>"; };
		F0DF9F5E1E07A87000CFBF55 /* CustomPlaceHolderView.h */ = {isa = PBXFileReference; fileEncoding = 4; lastKnownFileType = sourcecode.c.h; path = CustomPlaceHolderView.h; sourceTree = "<group>"; };
		F0DF9F5F1E07A87000CFBF55 /* CustomPlaceHolderView.m */ = {isa = PBXFileReference; fileEncoding = 4; lastKnownFileType = sourcecode.c.objc; path = CustomPlaceHolderView.m; sourceTree = "<group>"; };
		F0DF9F661E07B10B00CFBF55 /* en */ = {isa = PBXFileReference; lastKnownFileType = text.plist.strings; name = en; path = en.lproj/InfoPlist.strings; sourceTree = "<group>"; };
		F0DF9F681E07B10D00CFBF55 /* zh-Hans */ = {isa = PBXFileReference; lastKnownFileType = text.plist.strings; name = "zh-Hans"; path = "zh-Hans.lproj/InfoPlist.strings"; sourceTree = "<group>"; };
		F0DF9F6C1E07B1DC00CFBF55 /* en */ = {isa = PBXFileReference; lastKnownFileType = text.plist.strings; name = en; path = en.lproj/Localizable.strings; sourceTree = "<group>"; };
		F0DF9F6E1E07B1DF00CFBF55 /* zh-Hans */ = {isa = PBXFileReference; lastKnownFileType = text.plist.strings; name = "zh-Hans"; path = "zh-Hans.lproj/Localizable.strings"; sourceTree = "<group>"; };
		F0DF9F6F1E07B47500CFBF55 /* CustomTableView.h */ = {isa = PBXFileReference; fileEncoding = 4; lastKnownFileType = sourcecode.c.h; path = CustomTableView.h; sourceTree = "<group>"; };
		F0DF9F701E07B47500CFBF55 /* CustomTableView.m */ = {isa = PBXFileReference; fileEncoding = 4; lastKnownFileType = sourcecode.c.objc; path = CustomTableView.m; sourceTree = "<group>"; };
		F0DF9F7E1E07C62600CFBF55 /* SystemConfiguration.framework */ = {isa = PBXFileReference; lastKnownFileType = wrapper.framework; name = SystemConfiguration.framework; path = System/Library/Frameworks/SystemConfiguration.framework; sourceTree = SDKROOT; };
		F0DF9F811E07C65A00CFBF55 /* ConnectManager.h */ = {isa = PBXFileReference; fileEncoding = 4; lastKnownFileType = sourcecode.c.h; path = ConnectManager.h; sourceTree = "<group>"; };
		F0DF9F821E07C65A00CFBF55 /* ConnectManager.m */ = {isa = PBXFileReference; fileEncoding = 4; lastKnownFileType = sourcecode.c.objc; path = ConnectManager.m; sourceTree = "<group>"; };
		F0F79F03899241245B34A039 /* Pods-TableViewCategoryUITests.debug.xcconfig */ = {isa = PBXFileReference; includeInIndex = 1; lastKnownFileType = text.xcconfig; name = "Pods-TableViewCategoryUITests.debug.xcconfig"; path = "Pods/Target Support Files/Pods-TableViewCategoryUITests/Pods-TableViewCategoryUITests.debug.xcconfig"; sourceTree = "<group>"; };
/* End PBXFileReference section */

/* Begin PBXFrameworksBuildPhase section */
		F0DF9F211E07A76A00CFBF55 /* Frameworks */ = {
			isa = PBXFrameworksBuildPhase;
			buildActionMask = 2147483647;
			files = (
				F0DF9F7F1E07C62600CFBF55 /* SystemConfiguration.framework in Frameworks */,
				0DB7FE8FB608DB79AE233A09 /* libPods-TableViewCategory.a in Frameworks */,
			);
			runOnlyForDeploymentPostprocessing = 0;
		};
		F0DF9F3A1E07A76A00CFBF55 /* Frameworks */ = {
			isa = PBXFrameworksBuildPhase;
			buildActionMask = 2147483647;
			files = (
				BC4B39780C96F8A9EEA30869 /* libPods-TableViewCategoryTests.a in Frameworks */,
			);
			runOnlyForDeploymentPostprocessing = 0;
		};
		F0DF9F451E07A76A00CFBF55 /* Frameworks */ = {
			isa = PBXFrameworksBuildPhase;
			buildActionMask = 2147483647;
			files = (
				B58590F4F72AE22E9D742082 /* libPods-TableViewCategoryUITests.a in Frameworks */,
			);
			runOnlyForDeploymentPostprocessing = 0;
		};
/* End PBXFrameworksBuildPhase section */

/* Begin PBXGroup section */
		0D1E1E8D991B7ACE3C57BF2B /* Pods */ = {
			isa = PBXGroup;
			children = (
				71A690FF82F6B9E33E735AAA /* Pods-TableViewCategory.debug.xcconfig */,
				C0BE34144D040C00D51E2D01 /* Pods-TableViewCategory.release.xcconfig */,
				13CFA1B1C81A06C504595E51 /* Pods-TableViewCategoryTests.debug.xcconfig */,
				43F4BCDE9A524EA23B1E215F /* Pods-TableViewCategoryTests.release.xcconfig */,
				F0F79F03899241245B34A039 /* Pods-TableViewCategoryUITests.debug.xcconfig */,
				73EF7259B986C3E8E0045D0A /* Pods-TableViewCategoryUITests.release.xcconfig */,
			);
			name = Pods;
			sourceTree = "<group>";
		};
		F0142A7A1E08CD9D00273052 /* Source */ = {
			isa = PBXGroup;
			children = (
				F0142A811E08D16700273052 /* Default-568h@2x.png */,
				F0142A7F1E08CE2000273052 /* error.png */,
				F0142A7B1E08CDB300273052 /* headplaceholder.png */,
				F0142A7C1E08CDB300273052 /* no_goods_pic.png */,
			);
			name = Source;
			sourceTree = "<group>";
		};
		F0DF9F1B1E07A76A00CFBF55 = {
			isa = PBXGroup;
			children = (
				F0DF9F261E07A76A00CFBF55 /* TableViewCategory */,
				F0DF9F401E07A76A00CFBF55 /* TableViewCategoryTests */,
				F0DF9F4B1E07A76A00CFBF55 /* TableViewCategoryUITests */,
				F0DF9F251E07A76A00CFBF55 /* Products */,
				F0DF9F7D1E07C62600CFBF55 /* Frameworks */,
				0D1E1E8D991B7ACE3C57BF2B /* Pods */,
			);
			sourceTree = "<group>";
		};
		F0DF9F251E07A76A00CFBF55 /* Products */ = {
			isa = PBXGroup;
			children = (
				F0DF9F241E07A76A00CFBF55 /* TableViewCategory.app */,
				F0DF9F3D1E07A76A00CFBF55 /* TableViewCategoryTests.xctest */,
				F0DF9F481E07A76A00CFBF55 /* TableViewCategoryUITests.xctest */,
			);
			name = Products;
			sourceTree = "<group>";
		};
		F0DF9F261E07A76A00CFBF55 /* TableViewCategory */ = {
			isa = PBXGroup;
			children = (
				F0142A7A1E08CD9D00273052 /* Source */,
				F0DF9F801E07C64100CFBF55 /* ConnectManager */,
				F0DF9F791E07C5E200CFBF55 /* OpenSource */,
				F0DF9F781E07B7EA00CFBF55 /* TableViewPlaceHolder */,
				F0DF9F2A1E07A76A00CFBF55 /* AppDelegate.h */,
				F0DF9F2B1E07A76A00CFBF55 /* AppDelegate.m */,
				F0DF9F2D1E07A76A00CFBF55 /* ViewController.h */,
				F0DF9F2E1E07A76A00CFBF55 /* ViewController.m */,
				F06E53021E0841FC00CEFCB3 /* Main.storyboard */,
				F06E530C1E0842F700CEFCB3 /* LaunchScreen.storyboard */,
				F0DF9F331E07A76A00CFBF55 /* Assets.xcassets */,
				F0DF9F381E07A76A00CFBF55 /* Info.plist */,
				F0DF9F671E07B10B00CFBF55 /* InfoPlist.strings */,
				F0DF9F6D1E07B1DC00CFBF55 /* Localizable.strings */,
				F0DF9F271E07A76A00CFBF55 /* Supporting Files */,
			);
			path = TableViewCategory;
			sourceTree = "<group>";
		};
		F0DF9F271E07A76A00CFBF55 /* Supporting Files */ = {
			isa = PBXGroup;
			children = (
				F0DF9F281E07A76A00CFBF55 /* main.m */,
			);
			name = "Supporting Files";
			sourceTree = "<group>";
		};
		F0DF9F401E07A76A00CFBF55 /* TableViewCategoryTests */ = {
			isa = PBXGroup;
			children = (
				F0DF9F411E07A76A00CFBF55 /* TableViewCategoryTests.m */,
				F0DF9F431E07A76A00CFBF55 /* Info.plist */,
			);
			path = TableViewCategoryTests;
			sourceTree = "<group>";
		};
		F0DF9F4B1E07A76A00CFBF55 /* TableViewCategoryUITests */ = {
			isa = PBXGroup;
			children = (
				F0DF9F4C1E07A76A00CFBF55 /* TableViewCategoryUITests.m */,
				F0DF9F4E1E07A76A00CFBF55 /* Info.plist */,
			);
			path = TableViewCategoryUITests;
			sourceTree = "<group>";
		};
		F0DF9F781E07B7EA00CFBF55 /* TableViewPlaceHolder */ = {
			isa = PBXGroup;
			children = (
				F0142A881E08FC3000273052 /* CustomTableView+PlaceHolderView.h */,
				F0142A891E08FC3000273052 /* CustomTableView+PlaceHolderView.m */,
				F0DF9F5E1E07A87000CFBF55 /* CustomPlaceHolderView.h */,
				F0DF9F5F1E07A87000CFBF55 /* CustomPlaceHolderView.m */,
				F0DF9F6F1E07B47500CFBF55 /* CustomTableView.h */,
				F0DF9F701E07B47500CFBF55 /* CustomTableView.m */,
			);
			name = TableViewPlaceHolder;
			sourceTree = "<group>";
		};
		F0DF9F791E07C5E200CFBF55 /* OpenSource */ = {
			isa = PBXGroup;
			children = (
			);
			name = OpenSource;
			sourceTree = "<group>";
		};
		F0DF9F7D1E07C62600CFBF55 /* Frameworks */ = {
			isa = PBXGroup;
			children = (
				F0DF9F7E1E07C62600CFBF55 /* SystemConfiguration.framework */,
				967835578116D897DCDD5D6A /* libPods-TableViewCategory.a */,
				0CDE1D86D9DCFF64300AB372 /* libPods-TableViewCategoryTests.a */,
				46621B0D9790C46DC5B74AB7 /* libPods-TableViewCategoryUITests.a */,
			);
			name = Frameworks;
			sourceTree = "<group>";
		};
		F0DF9F801E07C64100CFBF55 /* ConnectManager */ = {
			isa = PBXGroup;
			children = (
				F0DF9F811E07C65A00CFBF55 /* ConnectManager.h */,
				F0DF9F821E07C65A00CFBF55 /* ConnectManager.m */,
			);
			name = ConnectManager;
			sourceTree = "<group>";
		};
/* End PBXGroup section */

/* Begin PBXNativeTarget section */
		F0DF9F231E07A76A00CFBF55 /* TableViewCategory */ = {
			isa = PBXNativeTarget;
			buildConfigurationList = F0DF9F511E07A76A00CFBF55 /* Build configuration list for PBXNativeTarget "TableViewCategory" */;
			buildPhases = (
				030557A18A79827A6E7BCBC9 /* [CP] Check Pods Manifest.lock */,
				F0DF9F201E07A76A00CFBF55 /* Sources */,
				F0DF9F211E07A76A00CFBF55 /* Frameworks */,
				F0DF9F221E07A76A00CFBF55 /* Resources */,
				259135D48FD6CD98FBBA5CFF /* [CP] Embed Pods Frameworks */,
				FC09D7D4EB404CAF6E1F164B /* [CP] Copy Pods Resources */,
			);
			buildRules = (
			);
			dependencies = (
			);
			name = TableViewCategory;
			productName = TableViewCategory;
			productReference = F0DF9F241E07A76A00CFBF55 /* TableViewCategory.app */;
			productType = "com.apple.product-type.application";
		};
		F0DF9F3C1E07A76A00CFBF55 /* TableViewCategoryTests */ = {
			isa = PBXNativeTarget;
			buildConfigurationList = F0DF9F541E07A76A00CFBF55 /* Build configuration list for PBXNativeTarget "TableViewCategoryTests" */;
			buildPhases = (
				2092452F3F4DD3036C785B7A /* [CP] Check Pods Manifest.lock */,
				F0DF9F391E07A76A00CFBF55 /* Sources */,
				F0DF9F3A1E07A76A00CFBF55 /* Frameworks */,
				F0DF9F3B1E07A76A00CFBF55 /* Resources */,
				EB60F2B4CC3F6CE61DB4F05D /* [CP] Embed Pods Frameworks */,
				CCCE78145D486495B6DF60EB /* [CP] Copy Pods Resources */,
			);
			buildRules = (
			);
			dependencies = (
				F0DF9F3F1E07A76A00CFBF55 /* PBXTargetDependency */,
			);
			name = TableViewCategoryTests;
			productName = TableViewCategoryTests;
			productReference = F0DF9F3D1E07A76A00CFBF55 /* TableViewCategoryTests.xctest */;
			productType = "com.apple.product-type.bundle.unit-test";
		};
		F0DF9F471E07A76A00CFBF55 /* TableViewCategoryUITests */ = {
			isa = PBXNativeTarget;
			buildConfigurationList = F0DF9F571E07A76A00CFBF55 /* Build configuration list for PBXNativeTarget "TableViewCategoryUITests" */;
			buildPhases = (
				F56E5092AEF08A9FF8BCB81E /* [CP] Check Pods Manifest.lock */,
				F0DF9F441E07A76A00CFBF55 /* Sources */,
				F0DF9F451E07A76A00CFBF55 /* Frameworks */,
				F0DF9F461E07A76A00CFBF55 /* Resources */,
				32AD31554C20C3769BC8AAF8 /* [CP] Embed Pods Frameworks */,
				FFC4D1DCF3B0FB8FDE73E63A /* [CP] Copy Pods Resources */,
			);
			buildRules = (
			);
			dependencies = (
				F0DF9F4A1E07A76A00CFBF55 /* PBXTargetDependency */,
			);
			name = TableViewCategoryUITests;
			productName = TableViewCategoryUITests;
			productReference = F0DF9F481E07A76A00CFBF55 /* TableViewCategoryUITests.xctest */;
			productType = "com.apple.product-type.bundle.ui-testing";
		};
/* End PBXNativeTarget section */

/* Begin PBXProject section */
		F0DF9F1C1E07A76A00CFBF55 /* Project object */ = {
			isa = PBXProject;
			attributes = {
				LastUpgradeCheck = 0810;
				ORGANIZATIONNAME = HuXiaoQian;
				TargetAttributes = {
					F0DF9F231E07A76A00CFBF55 = {
						CreatedOnToolsVersion = 8.1;
						ProvisioningStyle = Automatic;
					};
					F0DF9F3C1E07A76A00CFBF55 = {
						CreatedOnToolsVersion = 8.1;
						ProvisioningStyle = Automatic;
						TestTargetID = F0DF9F231E07A76A00CFBF55;
					};
					F0DF9F471E07A76A00CFBF55 = {
						CreatedOnToolsVersion = 8.1;
						ProvisioningStyle = Automatic;
						TestTargetID = F0DF9F231E07A76A00CFBF55;
					};
				};
			};
			buildConfigurationList = F0DF9F1F1E07A76A00CFBF55 /* Build configuration list for PBXProject "TableViewCategory" */;
			compatibilityVersion = "Xcode 3.2";
			developmentRegion = English;
			hasScannedForEncodings = 0;
			knownRegions = (
				en,
				Base,
				"zh-Hans",
			);
			mainGroup = F0DF9F1B1E07A76A00CFBF55;
			productRefGroup = F0DF9F251E07A76A00CFBF55 /* Products */;
			projectDirPath = "";
			projectRoot = "";
			targets = (
				F0DF9F231E07A76A00CFBF55 /* TableViewCategory */,
				F0DF9F3C1E07A76A00CFBF55 /* TableViewCategoryTests */,
				F0DF9F471E07A76A00CFBF55 /* TableViewCategoryUITests */,
			);
		};
/* End PBXProject section */

/* Begin PBXResourcesBuildPhase section */
		F0DF9F221E07A76A00CFBF55 /* Resources */ = {
			isa = PBXResourcesBuildPhase;
			buildActionMask = 2147483647;
			files = (
				F0DF9F6B1E07B1DC00CFBF55 /* Localizable.strings in Resources */,
				F0DF9F651E07B10B00CFBF55 /* InfoPlist.strings in Resources */,
				F0142A821E08D16700273052 /* Default-568h@2x.png in Resources */,
				F0142A7E1E08CDB300273052 /* no_goods_pic.png in Resources */,
				F0DF9F341E07A76A00CFBF55 /* Assets.xcassets in Resources */,
				F0142A7D1E08CDB300273052 /* headplaceholder.png in Resources */,
				F06E530A1E0842F700CEFCB3 /* LaunchScreen.storyboard in Resources */,
				F0142A801E08CE2000273052 /* error.png in Resources */,
				F06E53001E0841FC00CEFCB3 /* Main.storyboard in Resources */,
			);
			runOnlyForDeploymentPostprocessing = 0;
		};
		F0DF9F3B1E07A76A00CFBF55 /* Resources */ = {
			isa = PBXResourcesBuildPhase;
			buildActionMask = 2147483647;
			files = (
			);
			runOnlyForDeploymentPostprocessing = 0;
		};
		F0DF9F461E07A76A00CFBF55 /* Resources */ = {
			isa = PBXResourcesBuildPhase;
			buildActionMask = 2147483647;
			files = (
			);
			runOnlyForDeploymentPostprocessing = 0;
		};
/* End PBXResourcesBuildPhase section */

/* Begin PBXShellScriptBuildPhase section */
		030557A18A79827A6E7BCBC9 /* [CP] Check Pods Manifest.lock */ = {
			isa = PBXShellScriptBuildPhase;
			buildActionMask = 2147483647;
			files = (
			);
			inputPaths = (
			);
			name = "[CP] Check Pods Manifest.lock";
			outputPaths = (
			);
			runOnlyForDeploymentPostprocessing = 0;
			shellPath = /bin/sh;
			shellScript = "diff \"${PODS_ROOT}/../Podfile.lock\" \"${PODS_ROOT}/Manifest.lock\" > /dev/null\nif [ $? != 0 ] ; then\n    # print error to STDERR\n    echo \"error: The sandbox is not in sync with the Podfile.lock. Run 'pod install' or update your CocoaPods installation.\" >&2\n    exit 1\nfi\n";
			showEnvVarsInLog = 0;
		};
		2092452F3F4DD3036C785B7A /* [CP] Check Pods Manifest.lock */ = {
			isa = PBXShellScriptBuildPhase;
			buildActionMask = 2147483647;
			files = (
			);
			inputPaths = (
			);
			name = "[CP] Check Pods Manifest.lock";
			outputPaths = (
			);
			runOnlyForDeploymentPostprocessing = 0;
			shellPath = /bin/sh;
			shellScript = "diff \"${PODS_ROOT}/../Podfile.lock\" \"${PODS_ROOT}/Manifest.lock\" > /dev/null\nif [ $? != 0 ] ; then\n    # print error to STDERR\n    echo \"error: The sandbox is not in sync with the Podfile.lock. Run 'pod install' or update your CocoaPods installation.\" >&2\n    exit 1\nfi\n";
			showEnvVarsInLog = 0;
		};
		259135D48FD6CD98FBBA5CFF /* [CP] Embed Pods Frameworks */ = {
			isa = PBXShellScriptBuildPhase;
			buildActionMask = 2147483647;
			files = (
			);
			inputPaths = (
			);
			name = "[CP] Embed Pods Frameworks";
			outputPaths = (
			);
			runOnlyForDeploymentPostprocessing = 0;
			shellPath = /bin/sh;
			shellScript = "\"${SRCROOT}/Pods/Target Support Files/Pods-TableViewCategory/Pods-TableViewCategory-frameworks.sh\"\n";
			showEnvVarsInLog = 0;
		};
		32AD31554C20C3769BC8AAF8 /* [CP] Embed Pods Frameworks */ = {
			isa = PBXShellScriptBuildPhase;
			buildActionMask = 2147483647;
			files = (
			);
			inputPaths = (
			);
			name = "[CP] Embed Pods Frameworks";
			outputPaths = (
			);
			runOnlyForDeploymentPostprocessing = 0;
			shellPath = /bin/sh;
			shellScript = "\"${SRCROOT}/Pods/Target Support Files/Pods-TableViewCategoryUITests/Pods-TableViewCategoryUITests-frameworks.sh\"\n";
			showEnvVarsInLog = 0;
		};
		CCCE78145D486495B6DF60EB /* [CP] Copy Pods Resources */ = {
			isa = PBXShellScriptBuildPhase;
			buildActionMask = 2147483647;
			files = (
			);
			inputPaths = (
			);
			name = "[CP] Copy Pods Resources";
			outputPaths = (
			);
			runOnlyForDeploymentPostprocessing = 0;
			shellPath = /bin/sh;
			shellScript = "\"${SRCROOT}/Pods/Target Support Files/Pods-TableViewCategoryTests/Pods-TableViewCategoryTests-resources.sh\"\n";
			showEnvVarsInLog = 0;
		};
		EB60F2B4CC3F6CE61DB4F05D /* [CP] Embed Pods Frameworks */ = {
			isa = PBXShellScriptBuildPhase;
			buildActionMask = 2147483647;
			files = (
			);
			inputPaths = (
			);
			name = "[CP] Embed Pods Frameworks";
			outputPaths = (
			);
			runOnlyForDeploymentPostprocessing = 0;
			shellPath = /bin/sh;
			shellScript = "\"${SRCROOT}/Pods/Target Support Files/Pods-TableViewCategoryTests/Pods-TableViewCategoryTests-frameworks.sh\"\n";
			showEnvVarsInLog = 0;
		};
		F56E5092AEF08A9FF8BCB81E /* [CP] Check Pods Manifest.lock */ = {
			isa = PBXShellScriptBuildPhase;
			buildActionMask = 2147483647;
			files = (
			);
			inputPaths = (
			);
			name = "[CP] Check Pods Manifest.lock";
			outputPaths = (
			);
			runOnlyForDeploymentPostprocessing = 0;
			shellPath = /bin/sh;
			shellScript = "diff \"${PODS_ROOT}/../Podfile.lock\" \"${PODS_ROOT}/Manifest.lock\" > /dev/null\nif [ $? != 0 ] ; then\n    # print error to STDERR\n    echo \"error: The sandbox is not in sync with the Podfile.lock. Run 'pod install' or update your CocoaPods installation.\" >&2\n    exit 1\nfi\n";
			showEnvVarsInLog = 0;
		};
		FC09D7D4EB404CAF6E1F164B /* [CP] Copy Pods Resources */ = {
			isa = PBXShellScriptBuildPhase;
			buildActionMask = 2147483647;
			files = (
			);
			inputPaths = (
			);
			name = "[CP] Copy Pods Resources";
			outputPaths = (
			);
			runOnlyForDeploymentPostprocessing = 0;
			shellPath = /bin/sh;
			shellScript = "\"${SRCROOT}/Pods/Target Support Files/Pods-TableViewCategory/Pods-TableViewCategory-resources.sh\"\n";
			showEnvVarsInLog = 0;
		};
		FFC4D1DCF3B0FB8FDE73E63A /* [CP] Copy Pods Resources */ = {
			isa = PBXShellScriptBuildPhase;
			buildActionMask = 2147483647;
			files = (
			);
			inputPaths = (
			);
			name = "[CP] Copy Pods Resources";
			outputPaths = (
			);
			runOnlyForDeploymentPostprocessing = 0;
			shellPath = /bin/sh;
			shellScript = "\"${SRCROOT}/Pods/Target Support Files/Pods-TableViewCategoryUITests/Pods-TableViewCategoryUITests-resources.sh\"\n";
			showEnvVarsInLog = 0;
		};
/* End PBXShellScriptBuildPhase section */

/* Begin PBXSourcesBuildPhase section */
		F0DF9F201E07A76A00CFBF55 /* Sources */ = {
			isa = PBXSourcesBuildPhase;
			buildActionMask = 2147483647;
			files = (
				F0DF9F831E07C65A00CFBF55 /* ConnectManager.m in Sources */,
				F0142A8A1E08FC3000273052 /* CustomTableView+PlaceHolderView.m in Sources */,
				F0DF9F2F1E07A76A00CFBF55 /* ViewController.m in Sources */,
				F0DF9F711E07B47500CFBF55 /* CustomTableView.m in Sources */,
				F0DF9F2C1E07A76A00CFBF55 /* AppDelegate.m in Sources */,
				F0DF9F601E07A87000CFBF55 /* CustomPlaceHolderView.m in Sources */,
				F0DF9F291E07A76A00CFBF55 /* main.m in Sources */,
			);
			runOnlyForDeploymentPostprocessing = 0;
		};
		F0DF9F391E07A76A00CFBF55 /* Sources */ = {
			isa = PBXSourcesBuildPhase;
			buildActionMask = 2147483647;
			files = (
				F0DF9F421E07A76A00CFBF55 /* TableViewCategoryTests.m in Sources */,
			);
			runOnlyForDeploymentPostprocessing = 0;
		};
		F0DF9F441E07A76A00CFBF55 /* Sources */ = {
			isa = PBXSourcesBuildPhase;
			buildActionMask = 2147483647;
			files = (
				F0DF9F4D1E07A76A00CFBF55 /* TableViewCategoryUITests.m in Sources */,
			);
			runOnlyForDeploymentPostprocessing = 0;
		};
/* End PBXSourcesBuildPhase section */

/* Begin PBXTargetDependency section */
		F0DF9F3F1E07A76A00CFBF55 /* PBXTargetDependency */ = {
			isa = PBXTargetDependency;
			target = F0DF9F231E07A76A00CFBF55 /* TableViewCategory */;
			targetProxy = F0DF9F3E1E07A76A00CFBF55 /* PBXContainerItemProxy */;
		};
		F0DF9F4A1E07A76A00CFBF55 /* PBXTargetDependency */ = {
			isa = PBXTargetDependency;
			target = F0DF9F231E07A76A00CFBF55 /* TableViewCategory */;
			targetProxy = F0DF9F491E07A76A00CFBF55 /* PBXContainerItemProxy */;
		};
/* End PBXTargetDependency section */

/* Begin PBXVariantGroup section */
		F06E53021E0841FC00CEFCB3 /* Main.storyboard */ = {
			isa = PBXVariantGroup;
			children = (
				F06E53051E08420C00CEFCB3 /* en */,
				F06E53151E08432C00CEFCB3 /* zh-Hans */,
				F06E53161E08514B00CEFCB3 /* Base */,
			);
			name = Main.storyboard;
			path = ..;
			sourceTree = "<group>";
		};
		F06E530C1E0842F700CEFCB3 /* LaunchScreen.storyboard */ = {
			isa = PBXVariantGroup;
			children = (
				F0142A851E08D44E00273052 /* zh-Hans */,
				F0142A861E08D57200273052 /* en */,
				F0142A871E08D59500273052 /* Base */,
			);
			name = LaunchScreen.storyboard;
			sourceTree = "<group>";
		};
		F0DF9F671E07B10B00CFBF55 /* InfoPlist.strings */ = {
			isa = PBXVariantGroup;
			children = (
				F0DF9F661E07B10B00CFBF55 /* en */,
				F0DF9F681E07B10D00CFBF55 /* zh-Hans */,
			);
			name = InfoPlist.strings;
			sourceTree = "<group>";
		};
		F0DF9F6D1E07B1DC00CFBF55 /* Localizable.strings */ = {
			isa = PBXVariantGroup;
			children = (
				F0DF9F6C1E07B1DC00CFBF55 /* en */,
				F0DF9F6E1E07B1DF00CFBF55 /* zh-Hans */,
			);
			name = Localizable.strings;
			sourceTree = "<group>";
		};
/* End PBXVariantGroup section */

/* Begin XCBuildConfiguration section */
		F0DF9F4F1E07A76A00CFBF55 /* Debug */ = {
			isa = XCBuildConfiguration;
			buildSettings = {
				ALWAYS_SEARCH_USER_PATHS = NO;
				CLANG_ANALYZER_LOCALIZABILITY_NONLOCALIZED = YES;
				CLANG_ANALYZER_NONNULL = YES;
				CLANG_CXX_LANGUAGE_STANDARD = "gnu++0x";
				CLANG_CXX_LIBRARY = "libc++";
				CLANG_ENABLE_MODULES = YES;
				CLANG_ENABLE_OBJC_ARC = YES;
				CLANG_WARN_BOOL_CONVERSION = YES;
				CLANG_WARN_CONSTANT_CONVERSION = YES;
				CLANG_WARN_DIRECT_OBJC_ISA_USAGE = YES_ERROR;
				CLANG_WARN_DOCUMENTATION_COMMENTS = YES;
				CLANG_WARN_EMPTY_BODY = YES;
				CLANG_WARN_ENUM_CONVERSION = YES;
				CLANG_WARN_INFINITE_RECURSION = YES;
				CLANG_WARN_INT_CONVERSION = YES;
				CLANG_WARN_OBJC_ROOT_CLASS = YES_ERROR;
				CLANG_WARN_SUSPICIOUS_MOVES = YES;
				CLANG_WARN_UNREACHABLE_CODE = YES;
				CLANG_WARN__DUPLICATE_METHOD_MATCH = YES;
				"CODE_SIGN_IDENTITY[sdk=iphoneos*]" = "iPhone Developer";
				COPY_PHASE_STRIP = NO;
				DEBUG_INFORMATION_FORMAT = dwarf;
				ENABLE_STRICT_OBJC_MSGSEND = YES;
				ENABLE_TESTABILITY = YES;
				GCC_C_LANGUAGE_STANDARD = gnu99;
				GCC_DYNAMIC_NO_PIC = NO;
				GCC_NO_COMMON_BLOCKS = YES;
				GCC_OPTIMIZATION_LEVEL = 0;
				GCC_PREPROCESSOR_DEFINITIONS = (
					"DEBUG=1",
					"$(inherited)",
				);
				GCC_WARN_64_TO_32_BIT_CONVERSION = YES;
				GCC_WARN_ABOUT_RETURN_TYPE = YES_ERROR;
				GCC_WARN_UNDECLARED_SELECTOR = YES;
				GCC_WARN_UNINITIALIZED_AUTOS = YES_AGGRESSIVE;
				GCC_WARN_UNUSED_FUNCTION = YES;
				GCC_WARN_UNUSED_VARIABLE = YES;
				IPHONEOS_DEPLOYMENT_TARGET = 10.1;
				MTL_ENABLE_DEBUG_INFO = YES;
				ONLY_ACTIVE_ARCH = YES;
				SDKROOT = iphoneos;
				TARGETED_DEVICE_FAMILY = "1,2";
			};
			name = Debug;
		};
		F0DF9F501E07A76A00CFBF55 /* Release */ = {
			isa = XCBuildConfiguration;
			buildSettings = {
				ALWAYS_SEARCH_USER_PATHS = NO;
				CLANG_ANALYZER_LOCALIZABILITY_NONLOCALIZED = YES;
				CLANG_ANALYZER_NONNULL = YES;
				CLANG_CXX_LANGUAGE_STANDARD = "gnu++0x";
				CLANG_CXX_LIBRARY = "libc++";
				CLANG_ENABLE_MODULES = YES;
				CLANG_ENABLE_OBJC_ARC = YES;
				CLANG_WARN_BOOL_CONVERSION = YES;
				CLANG_WARN_CONSTANT_CONVERSION = YES;
				CLANG_WARN_DIRECT_OBJC_ISA_USAGE = YES_ERROR;
				CLANG_WARN_DOCUMENTATION_COMMENTS = YES;
				CLANG_WARN_EMPTY_BODY = YES;
				CLANG_WARN_ENUM_CONVERSION = YES;
				CLANG_WARN_INFINITE_RECURSION = YES;
				CLANG_WARN_INT_CONVERSION = YES;
				CLANG_WARN_OBJC_ROOT_CLASS = YES_ERROR;
				CLANG_WARN_SUSPICIOUS_MOVES = YES;
				CLANG_WARN_UNREACHABLE_CODE = YES;
				CLANG_WARN__DUPLICATE_METHOD_MATCH = YES;
				"CODE_SIGN_IDENTITY[sdk=iphoneos*]" = "iPhone Developer";
				COPY_PHASE_STRIP = NO;
				DEBUG_INFORMATION_FORMAT = "dwarf-with-dsym";
				ENABLE_NS_ASSERTIONS = NO;
				ENABLE_STRICT_OBJC_MSGSEND = YES;
				GCC_C_LANGUAGE_STANDARD = gnu99;
				GCC_NO_COMMON_BLOCKS = YES;
				GCC_WARN_64_TO_32_BIT_CONVERSION = YES;
				GCC_WARN_ABOUT_RETURN_TYPE = YES_ERROR;
				GCC_WARN_UNDECLARED_SELECTOR = YES;
				GCC_WARN_UNINITIALIZED_AUTOS = YES_AGGRESSIVE;
				GCC_WARN_UNUSED_FUNCTION = YES;
				GCC_WARN_UNUSED_VARIABLE = YES;
				IPHONEOS_DEPLOYMENT_TARGET = 10.1;
				MTL_ENABLE_DEBUG_INFO = NO;
				SDKROOT = iphoneos;
				TARGETED_DEVICE_FAMILY = "1,2";
				VALIDATE_PRODUCT = YES;
			};
			name = Release;
		};
		F0DF9F521E07A76A00CFBF55 /* Debug */ = {
			isa = XCBuildConfiguration;
			baseConfigurationReference = 71A690FF82F6B9E33E735AAA /* Pods-TableViewCategory.debug.xcconfig */;
			buildSettings = {
				ASSETCATALOG_COMPILER_APPICON_NAME = AppIcon;
				ASSETCATALOG_COMPILER_LAUNCHIMAGE_NAME = LaunchImage;
				DEVELOPMENT_TEAM = "";
				INFOPLIST_FILE = TableViewCategory/Info.plist;
				LD_RUNPATH_SEARCH_PATHS = "$(inherited) @executable_path/Frameworks";
				ONLY_ACTIVE_ARCH = YES;
				PRODUCT_BUNDLE_IDENTIFIER = HuXiaoQian.TableViewCategory;
				PRODUCT_NAME = "$(TARGET_NAME)";
			};
			name = Debug;
		};
		F0DF9F531E07A76A00CFBF55 /* Release */ = {
			isa = XCBuildConfiguration;
			baseConfigurationReference = C0BE34144D040C00D51E2D01 /* Pods-TableViewCategory.release.xcconfig */;
			buildSettings = {
				ASSETCATALOG_COMPILER_APPICON_NAME = AppIcon;
				ASSETCATALOG_COMPILER_LAUNCHIMAGE_NAME = LaunchImage;
				DEVELOPMENT_TEAM = "";
				INFOPLIST_FILE = TableViewCategory/Info.plist;
				LD_RUNPATH_SEARCH_PATHS = "$(inherited) @executable_path/Frameworks";
				ONLY_ACTIVE_ARCH = NO;
				PRODUCT_BUNDLE_IDENTIFIER = HuXiaoQian.TableViewCategory;
				PRODUCT_NAME = "$(TARGET_NAME)";
			};
			name = Release;
		};
		F0DF9F551E07A76A00CFBF55 /* Debug */ = {
			isa = XCBuildConfiguration;
			baseConfigurationReference = 13CFA1B1C81A06C504595E51 /* Pods-TableViewCategoryTests.debug.xcconfig */;
			buildSettings = {
				BUNDLE_LOADER = "$(TEST_HOST)";
				INFOPLIST_FILE = TableViewCategoryTests/Info.plist;
				LD_RUNPATH_SEARCH_PATHS = "$(inherited) @executable_path/Frameworks @loader_path/Frameworks";
				PRODUCT_BUNDLE_IDENTIFIER = HuXiaoQian.TableViewCategoryTests;
				PRODUCT_NAME = "$(TARGET_NAME)";
				TEST_HOST = "$(BUILT_PRODUCTS_DIR)/TableViewCategory.app/TableViewCategory";
			};
			name = Debug;
		};
		F0DF9F561E07A76A00CFBF55 /* Release */ = {
			isa = XCBuildConfiguration;
			baseConfigurationReference = 43F4BCDE9A524EA23B1E215F /* Pods-TableViewCategoryTests.release.xcconfig */;
			buildSettings = {
				BUNDLE_LOADER = "$(TEST_HOST)";
				INFOPLIST_FILE = TableViewCategoryTests/Info.plist;
				LD_RUNPATH_SEARCH_PATHS = "$(inherited) @executable_path/Frameworks @loader_path/Frameworks";
				PRODUCT_BUNDLE_IDENTIFIER = HuXiaoQian.TableViewCategoryTests;
				PRODUCT_NAME = "$(TARGET_NAME)";
				TEST_HOST = "$(BUILT_PRODUCTS_DIR)/TableViewCategory.app/TableViewCategory";
			};
			name = Release;
		};
		F0DF9F581E07A76A00CFBF55 /* Debug */ = {
			isa = XCBuildConfiguration;
			baseConfigurationReference = F0F79F03899241245B34A039 /* Pods-TableViewCategoryUITests.debug.xcconfig */;
			buildSettings = {
				INFOPLIST_FILE = TableViewCategoryUITests/Info.plist;
				LD_RUNPATH_SEARCH_PATHS = "$(inherited) @executable_path/Frameworks @loader_path/Frameworks";
				PRODUCT_BUNDLE_IDENTIFIER = HuXiaoQian.TableViewCategoryUITests;
				PRODUCT_NAME = "$(TARGET_NAME)";
				TEST_TARGET_NAME = TableViewCategory;
			};
			name = Debug;
		};
		F0DF9F591E07A76A00CFBF55 /* Release */ = {
			isa = XCBuildConfiguration;
			baseConfigurationReference = 73EF7259B986C3E8E0045D0A /* Pods-TableViewCategoryUITests.release.xcconfig */;
			buildSettings = {
				INFOPLIST_FILE = TableViewCategoryUITests/Info.plist;
				LD_RUNPATH_SEARCH_PATHS = "$(inherited) @executable_path/Frameworks @loader_path/Frameworks";
				PRODUCT_BUNDLE_IDENTIFIER = HuXiaoQian.TableViewCategoryUITests;
				PRODUCT_NAME = "$(TARGET_NAME)";
				TEST_TARGET_NAME = TableViewCategory;
			};
			name = Release;
		};
/* End XCBuildConfiguration section */

/* Begin XCConfigurationList section */
		F0DF9F1F1E07A76A00CFBF55 /* Build configuration list for PBXProject "TableViewCategory" */ = {
			isa = XCConfigurationList;
			buildConfigurations = (
				F0DF9F4F1E07A76A00CFBF55 /* Debug */,
				F0DF9F501E07A76A00CFBF55 /* Release */,
			);
			defaultConfigurationIsVisible = 0;
			defaultConfigurationName = Release;
		};
		F0DF9F511E07A76A00CFBF55 /* Build configuration list for PBXNativeTarget "TableViewCategory" */ = {
			isa = XCConfigurationList;
			buildConfigurations = (
				F0DF9F521E07A76A00CFBF55 /* Debug */,
				F0DF9F531E07A76A00CFBF55 /* Release */,
			);
			defaultConfigurationIsVisible = 0;
			defaultConfigurationName = Release;
		};
		F0DF9F541E07A76A00CFBF55 /* Build configuration list for PBXNativeTarget "TableViewCategoryTests" */ = {
			isa = XCConfigurationList;
			buildConfigurations = (
				F0DF9F551E07A76A00CFBF55 /* Debug */,
				F0DF9F561E07A76A00CFBF55 /* Release */,
			);
			defaultConfigurationIsVisible = 0;
			defaultConfigurationName = Release;
		};
		F0DF9F571E07A76A00CFBF55 /* Build configuration list for PBXNativeTarget "TableViewCategoryUITests" */ = {
			isa = XCConfigurationList;
			buildConfigurations = (
				F0DF9F581E07A76A00CFBF55 /* Debug */,
				F0DF9F591E07A76A00CFBF55 /* Release */,
			);
			defaultConfigurationIsVisible = 0;
			defaultConfigurationName = Release;
		};
/* End XCConfigurationList section */
	};
	rootObject = F0DF9F1C1E07A76A00CFBF55 /* Project object */;
}
